
Microsoft Visual Studio Solution File, Format Version 12.00
# Visual Studio Version 17
VisualStudioVersion = 17.5.002.0
MinimumVisualStudioVersion = 10.0.40219.1
Project("{2150E333-8FDC-42A3-9474-1A3956D46DE8}") = "src", "src", "{761C9EB7-9BE6-49D6-9AA3-F45A5B293707}"
EndProject
Project("{9A19103F-16F7-4668-BE54-9A1E7A4F7556}") = "TodoApi", "src\ToDo\TodoApi.csproj", "{CE309775-179D-4D21-BFDA-8D8049D6D536}"
EndProject
Global
	GlobalSection(SolutionConfigurationPlatforms) = preSolution
		Debug|Any CPU = Debug|Any CPU
		Release|Any CPU = Release|Any CPU
	EndGlobalSection
	GlobalSection(ProjectConfigurationPlatforms) = postSolution
		{CE309775-179D-4D21-BFDA-8D8049D6D536}.Debug|Any CPU.ActiveCfg = Debug|Any CPU
		{CE309775-179D-4D21-BFDA-8D8049D6D536}.Debug|Any CPU.Build.0 = Debug|Any CPU
		{CE309775-179D-4D21-BFDA-8D8049D6D536}.Release|Any CPU.ActiveCfg = Release|Any CPU
		{CE309775-179D-4D21-BFDA-8D8049D6D536}.Release|Any CPU.Build.0 = Release|Any CPU
	EndGlobalSection
	GlobalSection(SolutionProperties) = preSolution
		HideSolutionNode = FALSE
	EndGlobalSection
	GlobalSection(NestedProjects) = preSolution
		{CE309775-179D-4D21-BFDA-8D8049D6D536} = {761C9EB7-9BE6-49D6-9AA3-F45A5B293707}
	EndGlobalSection
	GlobalSection(ExtensibilityGlobals) = postSolution
		SolutionGuid = {FEC014AD-7557-4D51-8D2A-1A0545265B64}
	EndGlobalSection
EndGlobal
